// !$*UTF8*$!
{
	archiveVersion = 1;
	classes = {
	};
	objectVersion = 55;
	objects = {

/* Begin PBXBuildFile section */
		BD946923284A0C620080BA95 /* AppDelegate.swift in Sources */ = {isa = PBXBuildFile; fileRef = BD946922284A0C620080BA95 /* AppDelegate.swift */; };
		BD946925284A0C620080BA95 /* SceneDelegate.swift in Sources */ = {isa = PBXBuildFile; fileRef = BD946924284A0C620080BA95 /* SceneDelegate.swift */; };
		BD946927284A0C620080BA95 /* ViewController.swift in Sources */ = {isa = PBXBuildFile; fileRef = BD946926284A0C620080BA95 /* ViewController.swift */; };
		BD94692A284A0C620080BA95 /* Main.storyboard in Resources */ = {isa = PBXBuildFile; fileRef = BD946928284A0C620080BA95 /* Main.storyboard */; };
		BD94692C284A0C630080BA95 /* Assets.xcassets in Resources */ = {isa = PBXBuildFile; fileRef = BD94692B284A0C630080BA95 /* Assets.xcassets */; };
		BD94692F284A0C630080BA95 /* LaunchScreen.storyboard in Resources */ = {isa = PBXBuildFile; fileRef = BD94692D284A0C630080BA95 /* LaunchScreen.storyboard */; };
		BD94693A284A0C630080BA95 /* figma_4Tests.swift in Sources */ = {isa = PBXBuildFile; fileRef = BD946939284A0C630080BA95 /* figma_4Tests.swift */; };
		BD946944284A0C630080BA95 /* figma_4UITests.swift in Sources */ = {isa = PBXBuildFile; fileRef = BD946943284A0C630080BA95 /* figma_4UITests.swift */; };
		BD946946284A0C630080BA95 /* figma_4UITestsLaunchTests.swift in Sources */ = {isa = PBXBuildFile; fileRef = BD946945284A0C630080BA95 /* figma_4UITestsLaunchTests.swift */; };
/* End PBXBuildFile section */

/* Begin PBXContainerItemProxy section */
		BD946936284A0C630080BA95 /* PBXContainerItemProxy */ = {
			isa = PBXContainerItemProxy;
			containerPortal = BD946917284A0C620080BA95 /* Project object */;
			proxyType = 1;
			remoteGlobalIDString = BD94691E284A0C620080BA95;
			remoteInfo = "figma@4";
		};
		BD946940284A0C630080BA95 /* PBXContainerItemProxy */ = {
			isa = PBXContainerItemProxy;
			containerPortal = BD946917284A0C620080BA95 /* Project object */;
			proxyType = 1;
			remoteGlobalIDString = BD94691E284A0C620080BA95;
			remoteInfo = "figma@4";
		};
/* End PBXContainerItemProxy section */

/* Begin PBXFileReference section */
		BD94691F284A0C620080BA95 /* figma@4.app */ = {isa = PBXFileReference; explicitFileType = wrapper.application; includeInIndex = 0; path = "figma@4.app"; sourceTree = BUILT_PRODUCTS_DIR; };
		BD946922284A0C620080BA95 /* AppDelegate.swift */ = {isa = PBXFileReference; lastKnownFileType = sourcecode.swift; path = AppDelegate.swift; sourceTree = "<group>"; };
		BD946924284A0C620080BA95 /* SceneDelegate.swift */ = {isa = PBXFileReference; lastKnownFileType = sourcecode.swift; path = SceneDelegate.swift; sourceTree = "<group>"; };
		BD946926284A0C620080BA95 /* ViewController.swift */ = {isa = PBXFileReference; lastKnownFileType = sourcecode.swift; path = ViewController.swift; sourceTree = "<group>"; };
		BD946929284A0C620080BA95 /* Base */ = {isa = PBXFileReference; lastKnownFileType = file.storyboard; name = Base; path = Base.lproj/Main.storyboard; sourceTree = "<group>"; };
		BD94692B284A0C630080BA95 /* Assets.xcassets */ = {isa = PBXFileReference; lastKnownFileType = folder.assetcatalog; path = Assets.xcassets; sourceTree = "<group>"; };
		BD94692E284A0C630080BA95 /* Base */ = {isa = PBXFileReference; lastKnownFileType = file.storyboard; name = Base; path = Base.lproj/LaunchScreen.storyboard; sourceTree = "<group>"; };
		BD946930284A0C630080BA95 /* Info.plist */ = {isa = PBXFileReference; lastKnownFileType = text.plist.xml; path = Info.plist; sourceTree = "<group>"; };
		BD946935284A0C630080BA95 /* figma@4Tests.xctest */ = {isa = PBXFileReference; explicitFileType = wrapper.cfbundle; includeInIndex = 0; path = "figma@4Tests.xctest"; sourceTree = BUILT_PRODUCTS_DIR; };
		BD946939284A0C630080BA95 /* figma_4Tests.swift */ = {isa = PBXFileReference; lastKnownFileType = sourcecode.swift; path = figma_4Tests.swift; sourceTree = "<group>"; };
		BD94693F284A0C630080BA95 /* figma@4UITests.xctest */ = {isa = PBXFileReference; explicitFileType = wrapper.cfbundle; includeInIndex = 0; path = "figma@4UITests.xctest"; sourceTree = BUILT_PRODUCTS_DIR; };
		BD946943284A0C630080BA95 /* figma_4UITests.swift */ = {isa = PBXFileReference; lastKnownFileType = sourcecode.swift; path = figma_4UITests.swift; sourceTree = "<group>"; };
		BD946945284A0C630080BA95 /* figma_4UITestsLaunchTests.swift */ = {isa = PBXFileReference; lastKnownFileType = sourcecode.swift; path = figma_4UITestsLaunchTests.swift; sourceTree = "<group>"; };
/* End PBXFileReference section */

/* Begin PBXFrameworksBuildPhase section */
		BD94691C284A0C620080BA95 /* Frameworks */ = {
			isa = PBXFrameworksBuildPhase;
			buildActionMask = 2147483647;
			files = (
			);
			runOnlyForDeploymentPostprocessing = 0;
		};
		BD946932284A0C630080BA95 /* Frameworks */ = {
			isa = PBXFrameworksBuildPhase;
			buildActionMask = 2147483647;
			files = (
			);
			runOnlyForDeploymentPostprocessing = 0;
		};
		BD94693C284A0C630080BA95 /* Frameworks */ = {
			isa = PBXFrameworksBuildPhase;
			buildActionMask = 2147483647;
			files = (
			);
			runOnlyForDeploymentPostprocessing = 0;
		};
/* End PBXFrameworksBuildPhase section */

/* Begin PBXGroup section */
		BD946916284A0C620080BA95 = {
			isa = PBXGroup;
			children = (
				BD946921284A0C620080BA95 /* figma@4 */,
				BD946938284A0C630080BA95 /* figma@4Tests */,
				BD946942284A0C630080BA95 /* figma@4UITests */,
				BD946920284A0C620080BA95 /* Products */,
			);
			sourceTree = "<group>";
		};
		BD946920284A0C620080BA95 /* Products */ = {
			isa = PBXGroup;
			children = (
				BD94691F284A0C620080BA95 /* figma@4.app */,
				BD946935284A0C630080BA95 /* figma@4Tests.xctest */,
				BD94693F284A0C630080BA95 /* figma@4UITests.xctest */,
			);
			name = Products;
			sourceTree = "<group>";
		};
		BD946921284A0C620080BA95 /* figma@4 */ = {
			isa = PBXGroup;
			children = (
				BD946922284A0C620080BA95 /* AppDelegate.swift */,
				BD946924284A0C620080BA95 /* SceneDelegate.swift */,
				BD946926284A0C620080BA95 /* ViewController.swift */,
				BD946928284A0C620080BA95 /* Main.storyboard */,
				BD94692B284A0C630080BA95 /* Assets.xcassets */,
				BD94692D284A0C630080BA95 /* LaunchScreen.storyboard */,
				BD946930284A0C630080BA95 /* Info.plist */,
			);
			path = "figma@4";
			sourceTree = "<group>";
		};
		BD946938284A0C630080BA95 /* figma@4Tests */ = {
			isa = PBXGroup;
			children = (
				BD946939284A0C630080BA95 /* figma_4Tests.swift */,
			);
			path = "figma@4Tests";
			sourceTree = "<group>";
		};
		BD946942284A0C630080BA95 /* figma@4UITests */ = {
			isa = PBXGroup;
			children = (
				BD946943284A0C630080BA95 /* figma_4UITests.swift */,
				BD946945284A0C630080BA95 /* figma_4UITestsLaunchTests.swift */,
			);
			path = "figma@4UITests";
			sourceTree = "<group>";
		};
/* End PBXGroup section */

/* Begin PBXNativeTarget section */
		BD94691E284A0C620080BA95 /* figma@4 */ = {
			isa = PBXNativeTarget;
			buildConfigurationList = BD946949284A0C630080BA95 /* Build configuration list for PBXNativeTarget "figma@4" */;
			buildPhases = (
				BD94691B284A0C620080BA95 /* Sources */,
				BD94691C284A0C620080BA95 /* Frameworks */,
				BD94691D284A0C620080BA95 /* Resources */,
			);
			buildRules = (
			);
			dependencies = (
			);
			name = "figma@4";
			productName = "figma@4";
			productReference = BD94691F284A0C620080BA95 /* figma@4.app */;
			productType = "com.apple.product-type.application";
		};
		BD946934284A0C630080BA95 /* figma@4Tests */ = {
			isa = PBXNativeTarget;
			buildConfigurationList = BD94694C284A0C630080BA95 /* Build configuration list for PBXNativeTarget "figma@4Tests" */;
			buildPhases = (
				BD946931284A0C630080BA95 /* Sources */,
				BD946932284A0C630080BA95 /* Frameworks */,
				BD946933284A0C630080BA95 /* Resources */,
			);
			buildRules = (
			);
			dependencies = (
				BD946937284A0C630080BA95 /* PBXTargetDependency */,
			);
			name = "figma@4Tests";
			productName = "figma@4Tests";
			productReference = BD946935284A0C630080BA95 /* figma@4Tests.xctest */;
			productType = "com.apple.product-type.bundle.unit-test";
		};
		BD94693E284A0C630080BA95 /* figma@4UITests */ = {
			isa = PBXNativeTarget;
			buildConfigurationList = BD94694F284A0C630080BA95 /* Build configuration list for PBXNativeTarget "figma@4UITests" */;
			buildPhases = (
				BD94693B284A0C630080BA95 /* Sources */,
				BD94693C284A0C630080BA95 /* Frameworks */,
				BD94693D284A0C630080BA95 /* Resources */,
			);
			buildRules = (
			);
			dependencies = (
				BD946941284A0C630080BA95 /* PBXTargetDependency */,
			);
			name = "figma@4UITests";
			productName = "figma@4UITests";
			productReference = BD94693F284A0C630080BA95 /* figma@4UITests.xctest */;
			productType = "com.apple.product-type.bundle.ui-testing";
		};
/* End PBXNativeTarget section */

/* Begin PBXProject section */
		BD946917284A0C620080BA95 /* Project object */ = {
			isa = PBXProject;
			attributes = {
				BuildIndependentTargetsInParallel = 1;
				LastSwiftUpdateCheck = 1330;
				LastUpgradeCheck = 1330;
				TargetAttributes = {
					BD94691E284A0C620080BA95 = {
						CreatedOnToolsVersion = 13.3;
					};
					BD946934284A0C630080BA95 = {
						CreatedOnToolsVersion = 13.3;
						TestTargetID = BD94691E284A0C620080BA95;
					};
					BD94693E284A0C630080BA95 = {
						CreatedOnToolsVersion = 13.3;
						TestTargetID = BD94691E284A0C620080BA95;
					};
				};
			};
			buildConfigurationList = BD94691A284A0C620080BA95 /* Build configuration list for PBXProject "figma@4" */;
			compatibilityVersion = "Xcode 13.0";
			developmentRegion = en;
			hasScannedForEncodings = 0;
			knownRegions = (
				en,
				Base,
			);
			mainGroup = BD946916284A0C620080BA95;
			productRefGroup = BD946920284A0C620080BA95 /* Products */;
			projectDirPath = "";
			projectRoot = "";
			targets = (
				BD94691E284A0C620080BA95 /* figma@4 */,
				BD946934284A0C630080BA95 /* figma@4Tests */,
				BD94693E284A0C630080BA95 /* figma@4UITests */,
			);
		};
/* End PBXProject section */

/* Begin PBXResourcesBuildPhase section */
		BD94691D284A0C620080BA95 /* Resources */ = {
			isa = PBXResourcesBuildPhase;
			buildActionMask = 2147483647;
			files = (
				BD94692F284A0C630080BA95 /* LaunchScreen.storyboard in Resources */,
				BD94692C284A0C630080BA95 /* Assets.xcassets in Resources */,
				BD94692A284A0C620080BA95 /* Main.storyboard in Resources */,
			);
			runOnlyForDeploymentPostprocessing = 0;
		};
		BD946933284A0C630080BA95 /* Resources */ = {
			isa = PBXResourcesBuildPhase;
			buildActionMask = 2147483647;
			files = (
			);
			runOnlyForDeploymentPostprocessing = 0;
		};
		BD94693D284A0C630080BA95 /* Resources */ = {
			isa = PBXResourcesBuildPhase;
			buildActionMask = 2147483647;
			files = (
			);
			runOnlyForDeploymentPostprocessing = 0;
		};
/* End PBXResourcesBuildPhase section */

/* Begin PBXSourcesBuildPhase section */
		BD94691B284A0C620080BA95 /* Sources */ = {
			isa = PBXSourcesBuildPhase;
			buildActionMask = 2147483647;
			files = (
				BD946927284A0C620080BA95 /* ViewController.swift in Sources */,
				BD946923284A0C620080BA95 /* AppDelegate.swift in Sources */,
				BD946925284A0C620080BA95 /* SceneDelegate.swift in Sources */,
			);
			runOnlyForDeploymentPostprocessing = 0;
		};
		BD946931284A0C630080BA95 /* Sources */ = {
			isa = PBXSourcesBuildPhase;
			buildActionMask = 2147483647;
			files = (
				BD94693A284A0C630080BA95 /* figma_4Tests.swift in Sources */,
			);
			runOnlyForDeploymentPostprocessing = 0;
		};
		BD94693B284A0C630080BA95 /* Sources */ = {
			isa = PBXSourcesBuildPhase;
			buildActionMask = 2147483647;
			files = (
				BD946946284A0C630080BA95 /* figma_4UITestsLaunchTests.swift in Sources */,
				BD946944284A0C630080BA95 /* figma_4UITests.swift in Sources */,
			);
			runOnlyForDeploymentPostprocessing = 0;
		};
/* End PBXSourcesBuildPhase section */

/* Begin PBXTargetDependency section */
		BD946937284A0C630080BA95 /* PBXTargetDependency */ = {
			isa = PBXTargetDependency;
			target = BD94691E284A0C620080BA95 /* figma@4 */;
			targetProxy = BD946936284A0C630080BA95 /* PBXContainerItemProxy */;
		};
		BD946941284A0C630080BA95 /* PBXTargetDependency */ = {
			isa = PBXTargetDependency;
			target = BD94691E284A0C620080BA95 /* figma@4 */;
			targetProxy = BD946940284A0C630080BA95 /* PBXContainerItemProxy */;
		};
/* End PBXTargetDependency section */

/* Begin PBXVariantGroup section */
		BD946928284A0C620080BA95 /* Main.storyboard */ = {
			isa = PBXVariantGroup;
			children = (
				BD946929284A0C620080BA95 /* Base */,
			);
			name = Main.storyboard;
			sourceTree = "<group>";
		};
		BD94692D284A0C630080BA95 /* LaunchScreen.storyboard */ = {
			isa = PBXVariantGroup;
			children = (
				BD94692E284A0C630080BA95 /* Base */,
			);
			name = LaunchScreen.storyboard;
			sourceTree = "<group>";
		};
/* End PBXVariantGroup section */

/* Begin XCBuildConfiguration section */
		BD946947284A0C630080BA95 /* Debug */ = {
			isa = XCBuildConfiguration;
			buildSettings = {
				ALWAYS_SEARCH_USER_PATHS = NO;
				CLANG_ANALYZER_NONNULL = YES;
				CLANG_ANALYZER_NUMBER_OBJECT_CONVERSION = YES_AGGRESSIVE;
				CLANG_CXX_LANGUAGE_STANDARD = "gnu++17";
				CLANG_ENABLE_MODULES = YES;
				CLANG_ENABLE_OBJC_ARC = YES;
				CLANG_ENABLE_OBJC_WEAK = YES;
				CLANG_WARN_BLOCK_CAPTURE_AUTORELEASING = YES;
				CLANG_WARN_BOOL_CONVERSION = YES;
				CLANG_WARN_COMMA = YES;
				CLANG_WARN_CONSTANT_CONVERSION = YES;
				CLANG_WARN_DEPRECATED_OBJC_IMPLEMENTATIONS = YES;
				CLANG_WARN_DIRECT_OBJC_ISA_USAGE = YES_ERROR;
				CLANG_WARN_DOCUMENTATION_COMMENTS = YES;
				CLANG_WARN_EMPTY_BODY = YES;
				CLANG_WARN_ENUM_CONVERSION = YES;
				CLANG_WARN_INFINITE_RECURSION = YES;
				CLANG_WARN_INT_CONVERSION = YES;
				CLANG_WARN_NON_LITERAL_NULL_CONVERSION = YES;
				CLANG_WARN_OBJC_IMPLICIT_RETAIN_SELF = YES;
				CLANG_WARN_OBJC_LITERAL_CONVERSION = YES;
				CLANG_WARN_OBJC_ROOT_CLASS = YES_ERROR;
				CLANG_WARN_QUOTED_INCLUDE_IN_FRAMEWORK_HEADER = YES;
				CLANG_WARN_RANGE_LOOP_ANALYSIS = YES;
				CLANG_WARN_STRICT_PROTOTYPES = YES;
				CLANG_WARN_SUSPICIOUS_MOVE = YES;
				CLANG_WARN_UNGUARDED_AVAILABILITY = YES_AGGRESSIVE;
				CLANG_WARN_UNREACHABLE_CODE = YES;
				CLANG_WARN__DUPLICATE_METHOD_MATCH = YES;
				COPY_PHASE_STRIP = NO;
				DEBUG_INFORMATION_FORMAT = dwarf;
				ENABLE_STRICT_OBJC_MSGSEND = YES;
				ENABLE_TESTABILITY = YES;
				GCC_C_LANGUAGE_STANDARD = gnu11;
				GCC_DYNAMIC_NO_PIC = NO;
				GCC_NO_COMMON_BLOCKS = YES;
				GCC_OPTIMIZATION_LEVEL = 0;
				GCC_PREPROCESSOR_DEFINITIONS = (
					"DEBUG=1",
					"$(inherited)",
				);
				GCC_WARN_64_TO_32_BIT_CONVERSION = YES;
				GCC_WARN_ABOUT_RETURN_TYPE = YES_ERROR;
				GCC_WARN_UNDECLARED_SELECTOR = YES;
				GCC_WARN_UNINITIALIZED_AUTOS = YES_AGGRESSIVE;
				GCC_WARN_UNUSED_FUNCTION = YES;
				GCC_WARN_UNUSED_VARIABLE = YES;
				IPHONEOS_DEPLOYMENT_TARGET = 15.4;
				MTL_ENABLE_DEBUG_INFO = INCLUDE_SOURCE;
				MTL_FAST_MATH = YES;
				ONLY_ACTIVE_ARCH = YES;
				SDKROOT = iphoneos;
				SWIFT_ACTIVE_COMPILATION_CONDITIONS = DEBUG;
				SWIFT_OPTIMIZATION_LEVEL = "-Onone";
			};
			name = Debug;
		};
		BD946948284A0C630080BA95 /* Release */ = {
			isa = XCBuildConfiguration;
			buildSettings = {
				ALWAYS_SEARCH_USER_PATHS = NO;
				CLANG_ANALYZER_NONNULL = YES;
				CLANG_ANALYZER_NUMBER_OBJECT_CONVERSION = YES_AGGRESSIVE;
				CLANG_CXX_LANGUAGE_STANDARD = "gnu++17";
				CLANG_ENABLE_MODULES = YES;
				CLANG_ENABLE_OBJC_ARC = YES;
				CLANG_ENABLE_OBJC_WEAK = YES;
				CLANG_WARN_BLOCK_CAPTURE_AUTORELEASING = YES;
				CLANG_WARN_BOOL_CONVERSION = YES;
				CLANG_WARN_COMMA = YES;
				CLANG_WARN_CONSTANT_CONVERSION = YES;
				CLANG_WARN_DEPRECATED_OBJC_IMPLEMENTATIONS = YES;
				CLANG_WARN_DIRECT_OBJC_ISA_USAGE = YES_ERROR;
				CLANG_WARN_DOCUMENTATION_COMMENTS = YES;
				CLANG_WARN_EMPTY_BODY = YES;
				CLANG_WARN_ENUM_CONVERSION = YES;
				CLANG_WARN_INFINITE_RECURSION = YES;
				CLANG_WARN_INT_CONVERSION = YES;
				CLANG_WARN_NON_LITERAL_NULL_CONVERSION = YES;
				CLANG_WARN_OBJC_IMPLICIT_RETAIN_SELF = YES;
				CLANG_WARN_OBJC_LITERAL_CONVERSION = YES;
				CLANG_WARN_OBJC_ROOT_CLASS = YES_ERROR;
				CLANG_WARN_QUOTED_INCLUDE_IN_FRAMEWORK_HEADER = YES;
				CLANG_WARN_RANGE_LOOP_ANALYSIS = YES;
				CLANG_WARN_STRICT_PROTOTYPES = YES;
				CLANG_WARN_SUSPICIOUS_MOVE = YES;
				CLANG_WARN_UNGUARDED_AVAILABILITY = YES_AGGRESSIVE;
				CLANG_WARN_UNREACHABLE_CODE = YES;
				CLANG_WARN__DUPLICATE_METHOD_MATCH = YES;
				COPY_PHASE_STRIP = NO;
				DEBUG_INFORMATION_FORMAT = "dwarf-with-dsym";
				ENABLE_NS_ASSERTIONS = NO;
				ENABLE_STRICT_OBJC_MSGSEND = YES;
				GCC_C_LANGUAGE_STANDARD = gnu11;
				GCC_NO_COMMON_BLOCKS = YES;
				GCC_WARN_64_TO_32_BIT_CONVERSION = YES;
				GCC_WARN_ABOUT_RETURN_TYPE = YES_ERROR;
				GCC_WARN_UNDECLARED_SELECTOR = YES;
				GCC_WARN_UNINITIALIZED_AUTOS = YES_AGGRESSIVE;
				GCC_WARN_UNUSED_FUNCTION = YES;
				GCC_WARN_UNUSED_VARIABLE = YES;
				IPHONEOS_DEPLOYMENT_TARGET = 15.4;
				MTL_ENABLE_DEBUG_INFO = NO;
				MTL_FAST_MATH = YES;
				SDKROOT = iphoneos;
				SWIFT_COMPILATION_MODE = wholemodule;
				SWIFT_OPTIMIZATION_LEVEL = "-O";
				VALIDATE_PRODUCT = YES;
			};
			name = Release;
		};
		BD94694A284A0C630080BA95 /* Debug */ = {
			isa = XCBuildConfiguration;
			buildSettings = {
				ASSETCATALOG_COMPILER_APPICON_NAME = AppIcon;
				ASSETCATALOG_COMPILER_GLOBAL_ACCENT_COLOR_NAME = AccentColor;
				CODE_SIGN_STYLE = Automatic;
				CURRENT_PROJECT_VERSION = 1;
				GENERATE_INFOPLIST_FILE = YES;
				INFOPLIST_FILE = "figma@4/Info.plist";
				INFOPLIST_KEY_UIApplicationSupportsIndirectInputEvents = YES;
				INFOPLIST_KEY_UILaunchStoryboardName = LaunchScreen;
				INFOPLIST_KEY_UIMainStoryboardFile = Main;
				INFOPLIST_KEY_UISupportedInterfaceOrientations_iPad = "UIInterfaceOrientationPortrait UIInterfaceOrientationPortraitUpsideDown UIInterfaceOrientationLandscapeLeft UIInterfaceOrientationLandscapeRight";
				INFOPLIST_KEY_UISupportedInterfaceOrientations_iPhone = "UIInterfaceOrientationPortrait UIInterfaceOrientationLandscapeLeft UIInterfaceOrientationLandscapeRight";
				LD_RUNPATH_SEARCH_PATHS = (
					"$(inherited)",
					"@executable_path/Frameworks",
				);
				MARKETING_VERSION = 1.0;
				PRODUCT_BUNDLE_IDENTIFIER = "abc.figma-4";
				PRODUCT_NAME = "$(TARGET_NAME)";
				SWIFT_EMIT_LOC_STRINGS = YES;
				SWIFT_VERSION = 5.0;
				TARGETED_DEVICE_FAMILY = "1,2";
			};
			name = Debug;
		};
		BD94694B284A0C630080BA95 /* Release */ = {
			isa = XCBuildConfiguration;
			buildSettings = {
				ASSETCATALOG_COMPILER_APPICON_NAME = AppIcon;
				ASSETCATALOG_COMPILER_GLOBAL_ACCENT_COLOR_NAME = AccentColor;
				CODE_SIGN_STYLE = Automatic;
				CURRENT_PROJECT_VERSION = 1;
				GENERATE_INFOPLIST_FILE = YES;
				INFOPLIST_FILE = "figma@4/Info.plist";
				INFOPLIST_KEY_UIApplicationSupportsIndirectInputEvents = YES;
				INFOPLIST_KEY_UILaunchStoryboardName = LaunchScreen;
				INFOPLIST_KEY_UIMainStoryboardFile = Main;
				INFOPLIST_KEY_UISupportedInterfaceOrientations_iPad = "UIInterfaceOrientationPortrait UIInterfaceOrientationPortraitUpsideDown UIInterfaceOrientationLandscapeLeft UIInterfaceOrientationLandscapeRight";
				INFOPLIST_KEY_UISupportedInterfaceOrientations_iPhone = "UIInterfaceOrientationPortrait UIInterfaceOrientationLandscapeLeft UIInterfaceOrientationLandscapeRight";
				LD_RUNPATH_SEARCH_PATHS = (
					"$(inherited)",
					"@executable_path/Frameworks",
				);
				MARKETING_VERSION = 1.0;
				PRODUCT_BUNDLE_IDENTIFIER = "abc.figma-4";
				PRODUCT_NAME = "$(TARGET_NAME)";
				SWIFT_EMIT_LOC_STRINGS = YES;
				SWIFT_VERSION = 5.0;
				TARGETED_DEVICE_FAMILY = "1,2";
			};
			name = Release;
		};
		BD94694D284A0C630080BA95 /* Debug */ = {
			isa = XCBuildConfiguration;
			buildSettings = {
				ALWAYS_EMBED_SWIFT_STANDARD_LIBRARIES = YES;
				BUNDLE_LOADER = "$(TEST_HOST)";
				CODE_SIGN_STYLE = Automatic;
				CURRENT_PROJECT_VERSION = 1;
				GENERATE_INFOPLIST_FILE = YES;
				IPHONEOS_DEPLOYMENT_TARGET = 15.4;
				MARKETING_VERSION = 1.0;
				PRODUCT_BUNDLE_IDENTIFIER = "abc.figma-4Tests";
				PRODUCT_NAME = "$(TARGET_NAME)";
				SWIFT_EMIT_LOC_STRINGS = NO;
				SWIFT_VERSION = 5.0;
				TARGETED_DEVICE_FAMILY = "1,2";
				TEST_HOST = "$(BUILT_PRODUCTS_DIR)/figma@4.app/figma@4";
			};
			name = Debug;
		};
		BD94694E284A0C630080BA95 /* Release */ = {
			isa = XCBuildConfiguration;
			buildSettings = {
				ALWAYS_EMBED_SWIFT_STANDARD_LIBRARIES = YES;
				BUNDLE_LOADER = "$(TEST_HOST)";
				CODE_SIGN_STYLE = Automatic;
				CURRENT_PROJECT_VERSION = 1;
				GENERATE_INFOPLIST_FILE = YES;
				IPHONEOS_DEPLOYMENT_TARGET = 15.4;
				MARKETING_VERSION = 1.0;
				PRODUCT_BUNDLE_IDENTIFIER = "abc.figma-4Tests";
				PRODUCT_NAME = "$(TARGET_NAME)";
				SWIFT_EMIT_LOC_STRINGS = NO;
				SWIFT_VERSION = 5.0;
				TARGETED_DEVICE_FAMILY = "1,2";
				TEST_HOST = "$(BUILT_PRODUCTS_DIR)/figma@4.app/figma@4";
			};
			name = Release;
		};
		BD946950284A0C630080BA95 /* Debug */ = {
			isa = XCBuildConfiguration;
			buildSettings = {
				ALWAYS_EMBED_SWIFT_STANDARD_LIBRARIES = YES;
				CODE_SIGN_STYLE = Automatic;
				CURRENT_PROJECT_VERSION = 1;
				GENERATE_INFOPLIST_FILE = YES;
				MARKETING_VERSION = 1.0;
				PRODUCT_BUNDLE_IDENTIFIER = "abc.figma-4UITests";
				PRODUCT_NAME = "$(TARGET_NAME)";
				SWIFT_EMIT_LOC_STRINGS = NO;
				SWIFT_VERSION = 5.0;
				TARGETED_DEVICE_FAMILY = "1,2";
				TEST_TARGET_NAME = "figma@4";
			};
			name = Debug;
		};
		BD946951284A0C630080BA95 /* Release */ = {
			isa = XCBuildConfiguration;
			buildSettings = {
				ALWAYS_EMBED_SWIFT_STANDARD_LIBRARIES = YES;
				CODE_SIGN_STYLE = Automatic;
				CURRENT_PROJECT_VERSION = 1;
				GENERATE_INFOPLIST_FILE = YES;
				MARKETING_VERSION = 1.0;
				PRODUCT_BUNDLE_IDENTIFIER = "abc.figma-4UITests";
				PRODUCT_NAME = "$(TARGET_NAME)";
				SWIFT_EMIT_LOC_STRINGS = NO;
				SWIFT_VERSION = 5.0;
				TARGETED_DEVICE_FAMILY = "1,2";
				TEST_TARGET_NAME = "figma@4";
			};
			name = Release;
		};
/* End XCBuildConfiguration section */

/* Begin XCConfigurationList section */
		BD94691A284A0C620080BA95 /* Build configuration list for PBXProject "figma@4" */ = {
			isa = XCConfigurationList;
			buildConfigurations = (
				BD946947284A0C630080BA95 /* Debug */,
				BD946948284A0C630080BA95 /* Release */,
			);
			defaultConfigurationIsVisible = 0;
			defaultConfigurationName = Release;
		};
		BD946949284A0C630080BA95 /* Build configuration list for PBXNativeTarget "figma@4" */ = {
			isa = XCConfigurationList;
			buildConfigurations = (
				BD94694A284A0C630080BA95 /* Debug */,
				BD94694B284A0C630080BA95 /* Release */,
			);
			defaultConfigurationIsVisible = 0;
			defaultConfigurationName = Release;
		};
		BD94694C284A0C630080BA95 /* Build configuration list for PBXNativeTarget "figma@4Tests" */ = {
			isa = XCConfigurationList;
			buildConfigurations = (
				BD94694D284A0C630080BA95 /* Debug */,
				BD94694E284A0C630080BA95 /* Release */,
			);
			defaultConfigurationIsVisible = 0;
			defaultConfigurationName = Release;
		};
		BD94694F284A0C630080BA95 /* Build configuration list for PBXNativeTarget "figma@4UITests" */ = {
			isa = XCConfigurationList;
			buildConfigurations = (
				BD946950284A0C630080BA95 /* Debug */,
				BD946951284A0C630080BA95 /* Release */,
			);
			defaultConfigurationIsVisible = 0;
			defaultConfigurationName = Release;
		};
/* End XCConfigurationList section */
	};
	rootObject = BD946917284A0C620080BA95 /* Project object */;
}
